
Microsoft Visual Studio Solution File, Format Version 12.00
# Visual Studio Version 17
VisualStudioVersion = 17.12.35521.163 d17.12
MinimumVisualStudioVersion = 10.0.40219.1
Project("{9A19103F-16F7-4668-BE54-9A1E7A4F7556}") = "RealTime.Web", "RealTime.Web\RealTime.Web.csproj", "{AB7A5A5F-AE74-4FD5-9E62-C692A73DE12C}"
EndProject
Project("{9A19103F-16F7-4668-BE54-9A1E7A4F7556}") = "RealTime.DAL", "RealTime.DAL\RealTime.DAL.csproj", "{F60AA96C-220F-4A35-8DB1-032D3798424B}"
EndProject
Project("{9A19103F-16F7-4668-BE54-9A1E7A4F7556}") = "RealTime.BL", "RealTime.BL\RealTime.BL.csproj", "{4AC46A9C-9393-4C73-807F-AF8E8B75D600}"
EndProject
Project("{2150E333-8FDC-42A3-9474-1A3956D46DE8}") = "Data", "Data", "{763C13A8-2A3E-489B-87AF-C1D43B18F987}"
	ProjectSection(SolutionItems) = preProject
		Data\funds.csv = Data\funds.csv
	EndProjectSection
EndProject
Project("{2150E333-8FDC-42A3-9474-1A3956D46DE8}") = "Common", "Common", "{8215DB98-20FB-400F-997E-559C7C66A4BF}"
	ProjectSection(SolutionItems) = preProject
		.dockerignore = .dockerignore
		..\.gitignore = ..\.gitignore
	EndProjectSection
EndProject
Project("{9A19103F-16F7-4668-BE54-9A1E7A4F7556}") = "RealTime.Console", "RealTime.Console\RealTime.Console.csproj", "{F8FC58F8-5FB5-4F05-80CC-0F043223A7D5}"
EndProject
Project("{9A19103F-16F7-4668-BE54-9A1E7A4F7556}") = "RealTime.PortfolioTest", "RealTime.PortfolioTest\RealTime.PortfolioTest.csproj", "{241B69F4-34E1-41A9-9954-17C434B3BC7F}"
EndProject
Project("{9A19103F-16F7-4668-BE54-9A1E7A4F7556}") = "RealTime.PredictionsCheck", "RealTime.PredictionsCheck\RealTime.PredictionsCheck.csproj", "{BA0A65B6-0037-41BE-AAEC-BED30E80916B}"
EndProject
Project("{FAE04EC0-301F-11D3-BF4B-00C04F79EFBC}") = "RealTime.PriceChangeMonitoring", "RealTime.PriceChangeMonitoring\RealTime.PriceChangeMonitoring.csproj", "{9C8E40EF-1203-4C5B-B288-2E3316873AA8}"
EndProject
Project("{FAE04EC0-301F-11D3-BF4B-00C04F79EFBC}") = "RealTime.BackTest", "RealTime.BackTest\RealTime.BackTest.csproj", "{E2AA8C35-AAE6-418C-AC1F-022BD8670A9A}"
EndProject
Global
	GlobalSection(SolutionConfigurationPlatforms) = preSolution
		Debug|Any CPU = Debug|Any CPU
		Release|Any CPU = Release|Any CPU
	EndGlobalSection
	GlobalSection(ProjectConfigurationPlatforms) = postSolution
		{AB7A5A5F-AE74-4FD5-9E62-C692A73DE12C}.Debug|Any CPU.ActiveCfg = Debug|Any CPU
		{AB7A5A5F-AE74-4FD5-9E62-C692A73DE12C}.Debug|Any CPU.Build.0 = Debug|Any CPU
		{AB7A5A5F-AE74-4FD5-9E62-C692A73DE12C}.Release|Any CPU.ActiveCfg = Release|Any CPU
		{AB7A5A5F-AE74-4FD5-9E62-C692A73DE12C}.Release|Any CPU.Build.0 = Release|Any CPU
		{F60AA96C-220F-4A35-8DB1-032D3798424B}.Debug|Any CPU.ActiveCfg = Debug|Any CPU
		{F60AA96C-220F-4A35-8DB1-032D3798424B}.Debug|Any CPU.Build.0 = Debug|Any CPU
		{F60AA96C-220F-4A35-8DB1-032D3798424B}.Release|Any CPU.ActiveCfg = Release|Any CPU
		{F60AA96C-220F-4A35-8DB1-032D3798424B}.Release|Any CPU.Build.0 = Release|Any CPU
		{4AC46A9C-9393-4C73-807F-AF8E8B75D600}.Debug|Any CPU.ActiveCfg = Debug|Any CPU
		{4AC46A9C-9393-4C73-807F-AF8E8B75D600}.Debug|Any CPU.Build.0 = Debug|Any CPU
		{4AC46A9C-9393-4C73-807F-AF8E8B75D600}.Release|Any CPU.ActiveCfg = Release|Any CPU
		{4AC46A9C-9393-4C73-807F-AF8E8B75D600}.Release|Any CPU.Build.0 = Release|Any CPU
		{F8FC58F8-5FB5-4F05-80CC-0F043223A7D5}.Debug|Any CPU.ActiveCfg = Debug|Any CPU
		{F8FC58F8-5FB5-4F05-80CC-0F043223A7D5}.Debug|Any CPU.Build.0 = Debug|Any CPU
		{F8FC58F8-5FB5-4F05-80CC-0F043223A7D5}.Release|Any CPU.ActiveCfg = Release|Any CPU
		{F8FC58F8-5FB5-4F05-80CC-0F043223A7D5}.Release|Any CPU.Build.0 = Release|Any CPU
		{241B69F4-34E1-41A9-9954-17C434B3BC7F}.Debug|Any CPU.ActiveCfg = Debug|Any CPU
		{241B69F4-34E1-41A9-9954-17C434B3BC7F}.Debug|Any CPU.Build.0 = Debug|Any CPU
		{241B69F4-34E1-41A9-9954-17C434B3BC7F}.Release|Any CPU.ActiveCfg = Release|Any CPU
		{241B69F4-34E1-41A9-9954-17C434B3BC7F}.Release|Any CPU.Build.0 = Release|Any CPU
		{BA0A65B6-0037-41BE-AAEC-BED30E80916B}.Debug|Any CPU.ActiveCfg = Debug|Any CPU
		{BA0A65B6-0037-41BE-AAEC-BED30E80916B}.Debug|Any CPU.Build.0 = Debug|Any CPU
		{BA0A65B6-0037-41BE-AAEC-BED30E80916B}.Release|Any CPU.ActiveCfg = Release|Any CPU
		{BA0A65B6-0037-41BE-AAEC-BED30E80916B}.Release|Any CPU.Build.0 = Release|Any CPU
		{9C8E40EF-1203-4C5B-B288-2E3316873AA8}.Debug|Any CPU.ActiveCfg = Debug|Any CPU
		{9C8E40EF-1203-4C5B-B288-2E3316873AA8}.Debug|Any CPU.Build.0 = Debug|Any CPU
		{9C8E40EF-1203-4C5B-B288-2E3316873AA8}.Release|Any CPU.ActiveCfg = Release|Any CPU
		{9C8E40EF-1203-4C5B-B288-2E3316873AA8}.Release|Any CPU.Build.0 = Release|Any CPU
		{E2AA8C35-AAE6-418C-AC1F-022BD8670A9A}.Debug|Any CPU.ActiveCfg = Debug|Any CPU
		{E2AA8C35-AAE6-418C-AC1F-022BD8670A9A}.Debug|Any CPU.Build.0 = Debug|Any CPU
		{E2AA8C35-AAE6-418C-AC1F-022BD8670A9A}.Release|Any CPU.ActiveCfg = Release|Any CPU
		{E2AA8C35-AAE6-418C-AC1F-022BD8670A9A}.Release|Any CPU.Build.0 = Release|Any CPU
	EndGlobalSection
	GlobalSection(SolutionProperties) = preSolution
		HideSolutionNode = FALSE
	EndGlobalSection
	GlobalSection(ExtensibilityGlobals) = postSolution
		SolutionGuid = {C1CD091F-A3A2-4922-872D-6631D12F239D}
	EndGlobalSection
EndGlobal
